// !$*UTF8*$!
{
	archiveVersion = 1;
	classes = {
	};
	objectVersion = 46;
	objects = {

/* Begin PBXBuildFile section */
		3F7477EC1B759850005BC473 /* AppDelegate.swift in Sources */ = {isa = PBXBuildFile; fileRef = 3F7477EB1B759850005BC473 /* AppDelegate.swift */; };
		3F7477F11B759850005BC473 /* Main.storyboard in Resources */ = {isa = PBXBuildFile; fileRef = 3F7477EF1B759850005BC473 /* Main.storyboard */; };
		3F7477F31B759850005BC473 /* Images.xcassets in Resources */ = {isa = PBXBuildFile; fileRef = 3F7477F21B759850005BC473 /* Images.xcassets */; };
		3F7477F61B759850005BC473 /* LaunchScreen.xib in Resources */ = {isa = PBXBuildFile; fileRef = 3F7477F41B759850005BC473 /* LaunchScreen.xib */; };
		3F7478021B759850005BC473 /* HWLocationTests.swift in Sources */ = {isa = PBXBuildFile; fileRef = 3F7478011B759850005BC473 /* HWLocationTests.swift */; };
		3F74780C1B7598B1005BC473 /* GetLocationViewController.swift in Sources */ = {isa = PBXBuildFile; fileRef = 3F74780B1B7598B1005BC473 /* GetLocationViewController.swift */; };
		3FBB8E311B76B05B00192D12 /* LocationDetailViewController.swift in Sources */ = {isa = PBXBuildFile; fileRef = 3FBB8E301B76B05B00192D12 /* LocationDetailViewController.swift */; };
		3FBB8E331B76C28400192D12 /* Location.swift in Sources */ = {isa = PBXBuildFile; fileRef = 3FBB8E321B76C28400192D12 /* Location.swift */; };
		3FBB8E351B76C63D00192D12 /* MapViewController.swift in Sources */ = {isa = PBXBuildFile; fileRef = 3FBB8E341B76C63D00192D12 /* MapViewController.swift */; };
		3FBB8E371B76C64B00192D12 /* MapKit.framework in Frameworks */ = {isa = PBXBuildFile; fileRef = 3FBB8E361B76C64B00192D12 /* MapKit.framework */; };
/* End PBXBuildFile section */

/* Begin PBXContainerItemProxy section */
		3F7477FC1B759850005BC473 /* PBXContainerItemProxy */ = {
			isa = PBXContainerItemProxy;
			containerPortal = 3F7477DE1B759850005BC473 /* Project object */;
			proxyType = 1;
			remoteGlobalIDString = 3F7477E51B759850005BC473;
			remoteInfo = HWLocation;
		};
/* End PBXContainerItemProxy section */

/* Begin PBXFileReference section */
		3F7477E61B759850005BC473 /* HWLocation.app */ = {isa = PBXFileReference; explicitFileType = wrapper.application; includeInIndex = 0; path = HWLocation.app; sourceTree = BUILT_PRODUCTS_DIR; };
		3F7477EA1B759850005BC473 /* Info.plist */ = {isa = PBXFileReference; lastKnownFileType = text.plist.xml; path = Info.plist; sourceTree = "<group>"; };
		3F7477EB1B759850005BC473 /* AppDelegate.swift */ = {isa = PBXFileReference; lastKnownFileType = sourcecode.swift; path = AppDelegate.swift; sourceTree = "<group>"; };
		3F7477F01B759850005BC473 /* Base */ = {isa = PBXFileReference; lastKnownFileType = file.storyboard; name = Base; path = Base.lproj/Main.storyboard; sourceTree = "<group>"; };
		3F7477F21B759850005BC473 /* Images.xcassets */ = {isa = PBXFileReference; lastKnownFileType = folder.assetcatalog; path = Images.xcassets; sourceTree = "<group>"; };
		3F7477F51B759850005BC473 /* Base */ = {isa = PBXFileReference; lastKnownFileType = file.xib; name = Base; path = Base.lproj/LaunchScreen.xib; sourceTree = "<group>"; };
		3F7477FB1B759850005BC473 /* HWLocationTests.xctest */ = {isa = PBXFileReference; explicitFileType = wrapper.cfbundle; includeInIndex = 0; path = HWLocationTests.xctest; sourceTree = BUILT_PRODUCTS_DIR; };
		3F7478001B759850005BC473 /* Info.plist */ = {isa = PBXFileReference; lastKnownFileType = text.plist.xml; path = Info.plist; sourceTree = "<group>"; };
		3F7478011B759850005BC473 /* HWLocationTests.swift */ = {isa = PBXFileReference; lastKnownFileType = sourcecode.swift; path = HWLocationTests.swift; sourceTree = "<group>"; };
		3F74780B1B7598B1005BC473 /* GetLocationViewController.swift */ = {isa = PBXFileReference; fileEncoding = 4; lastKnownFileType = sourcecode.swift; path = GetLocationViewController.swift; sourceTree = "<group>"; };
		3FBB8E301B76B05B00192D12 /* LocationDetailViewController.swift */ = {isa = PBXFileReference; fileEncoding = 4; lastKnownFileType = sourcecode.swift; path = LocationDetailViewController.swift; sourceTree = "<group>"; };
		3FBB8E321B76C28400192D12 /* Location.swift */ = {isa = PBXFileReference; fileEncoding = 4; lastKnownFileType = sourcecode.swift; path = Location.swift; sourceTree = "<group>"; };
		3FBB8E341B76C63D00192D12 /* MapViewController.swift */ = {isa = PBXFileReference; fileEncoding = 4; lastKnownFileType = sourcecode.swift; path = MapViewController.swift; sourceTree = "<group>"; };
		3FBB8E361B76C64B00192D12 /* MapKit.framework */ = {isa = PBXFileReference; lastKnownFileType = wrapper.framework; name = MapKit.framework; path = System/Library/Frameworks/MapKit.framework; sourceTree = SDKROOT; };
/* End PBXFileReference section */

/* Begin PBXFrameworksBuildPhase section */
		3F7477E31B759850005BC473 /* Frameworks */ = {
			isa = PBXFrameworksBuildPhase;
			buildActionMask = 2147483647;
			files = (
				3FBB8E371B76C64B00192D12 /* MapKit.framework in Frameworks */,
			);
			runOnlyForDeploymentPostprocessing = 0;
		};
		3F7477F81B759850005BC473 /* Frameworks */ = {
			isa = PBXFrameworksBuildPhase;
			buildActionMask = 2147483647;
			files = (
			);
			runOnlyForDeploymentPostprocessing = 0;
		};
/* End PBXFrameworksBuildPhase section */

/* Begin PBXGroup section */
		3F7477DD1B759850005BC473 = {
			isa = PBXGroup;
			children = (
				3FBB8E361B76C64B00192D12 /* MapKit.framework */,
				3F7477E81B759850005BC473 /* HWLocation */,
				3F7477FE1B759850005BC473 /* HWLocationTests */,
				3F7477E71B759850005BC473 /* Products */,
			);
			sourceTree = "<group>";
		};
		3F7477E71B759850005BC473 /* Products */ = {
			isa = PBXGroup;
			children = (
				3F7477E61B759850005BC473 /* HWLocation.app */,
				3F7477FB1B759850005BC473 /* HWLocationTests.xctest */,
			);
			name = Products;
			sourceTree = "<group>";
		};
		3F7477E81B759850005BC473 /* HWLocation */ = {
			isa = PBXGroup;
			children = (
				3F7477EF1B759850005BC473 /* Main.storyboard */,
				3FBB8E321B76C28400192D12 /* Location.swift */,
				3F74780B1B7598B1005BC473 /* GetLocationViewController.swift */,
				3FBB8E301B76B05B00192D12 /* LocationDetailViewController.swift */,
				3FBB8E341B76C63D00192D12 /* MapViewController.swift */,
				3F7477E91B759850005BC473 /* Supporting Files */,
			);
			path = HWLocation;
			sourceTree = "<group>";
		};
		3F7477E91B759850005BC473 /* Supporting Files */ = {
			isa = PBXGroup;
			children = (
				3F7477F41B759850005BC473 /* LaunchScreen.xib */,
				3F7477EA1B759850005BC473 /* Info.plist */,
				3F7477F21B759850005BC473 /* Images.xcassets */,
				3F7477EB1B759850005BC473 /* AppDelegate.swift */,
			);
			name = "Supporting Files";
			sourceTree = "<group>";
		};
		3F7477FE1B759850005BC473 /* HWLocationTests */ = {
			isa = PBXGroup;
			children = (
				3F7478011B759850005BC473 /* HWLocationTests.swift */,
				3F7477FF1B759850005BC473 /* Supporting Files */,
			);
			path = HWLocationTests;
			sourceTree = "<group>";
		};
		3F7477FF1B759850005BC473 /* Supporting Files */ = {
			isa = PBXGroup;
			children = (
				3F7478001B759850005BC473 /* Info.plist */,
			);
			name = "Supporting Files";
			sourceTree = "<group>";
		};
/* End PBXGroup section */

/* Begin PBXNativeTarget section */
		3F7477E51B759850005BC473 /* HWLocation */ = {
			isa = PBXNativeTarget;
			buildConfigurationList = 3F7478051B759850005BC473 /* Build configuration list for PBXNativeTarget "HWLocation" */;
			buildPhases = (
				3F7477E21B759850005BC473 /* Sources */,
				3F7477E31B759850005BC473 /* Frameworks */,
				3F7477E41B759850005BC473 /* Resources */,
			);
			buildRules = (
			);
			dependencies = (
			);
			name = HWLocation;
			productName = HWLocation;
			productReference = 3F7477E61B759850005BC473 /* HWLocation.app */;
			productType = "com.apple.product-type.application";
		};
		3F7477FA1B759850005BC473 /* HWLocationTests */ = {
			isa = PBXNativeTarget;
			buildConfigurationList = 3F7478081B759850005BC473 /* Build configuration list for PBXNativeTarget "HWLocationTests" */;
			buildPhases = (
				3F7477F71B759850005BC473 /* Sources */,
				3F7477F81B759850005BC473 /* Frameworks */,
				3F7477F91B759850005BC473 /* Resources */,
			);
			buildRules = (
			);
			dependencies = (
				3F7477FD1B759850005BC473 /* PBXTargetDependency */,
			);
			name = HWLocationTests;
			productName = HWLocationTests;
			productReference = 3F7477FB1B759850005BC473 /* HWLocationTests.xctest */;
			productType = "com.apple.product-type.bundle.unit-test";
		};
/* End PBXNativeTarget section */

/* Begin PBXProject section */
		3F7477DE1B759850005BC473 /* Project object */ = {
			isa = PBXProject;
			attributes = {
				LastUpgradeCheck = 0640;
				ORGANIZATIONNAME = ZW;
				TargetAttributes = {
					3F7477E51B759850005BC473 = {
						CreatedOnToolsVersion = 6.4;
					};
					3F7477FA1B759850005BC473 = {
						CreatedOnToolsVersion = 6.4;
						TestTargetID = 3F7477E51B759850005BC473;
					};
				};
			};
			buildConfigurationList = 3F7477E11B759850005BC473 /* Build configuration list for PBXProject "HWLocation" */;
			compatibilityVersion = "Xcode 3.2";
			developmentRegion = English;
			hasScannedForEncodings = 0;
			knownRegions = (
				en,
				Base,
			);
			mainGroup = 3F7477DD1B759850005BC473;
			productRefGroup = 3F7477E71B759850005BC473 /* Products */;
			projectDirPath = "";
			projectRoot = "";
			targets = (
				3F7477E51B759850005BC473 /* HWLocation */,
				3F7477FA1B759850005BC473 /* HWLocationTests */,
			);
		};
/* End PBXProject section */

/* Begin PBXResourcesBuildPhase section */
		3F7477E41B759850005BC473 /* Resources */ = {
			isa = PBXResourcesBuildPhase;
			buildActionMask = 2147483647;
			files = (
				3F7477F11B759850005BC473 /* Main.storyboard in Resources */,
				3F7477F61B759850005BC473 /* LaunchScreen.xib in Resources */,
				3F7477F31B759850005BC473 /* Images.xcassets in Resources */,
			);
			runOnlyForDeploymentPostprocessing = 0;
		};
		3F7477F91B759850005BC473 /* Resources */ = {
			isa = PBXResourcesBuildPhase;
			buildActionMask = 2147483647;
			files = (
			);
			runOnlyForDeploymentPostprocessing = 0;
		};
/* End PBXResourcesBuildPhase section */

/* Begin PBXSourcesBuildPhase section */
		3F7477E21B759850005BC473 /* Sources */ = {
			isa = PBXSourcesBuildPhase;
			buildActionMask = 2147483647;
			files = (
				3F74780C1B7598B1005BC473 /* GetLocationViewController.swift in Sources */,
				3FBB8E311B76B05B00192D12 /* LocationDetailViewController.swift in Sources */,
				3FBB8E331B76C28400192D12 /* Location.swift in Sources */,
				3FBB8E351B76C63D00192D12 /* MapViewController.swift in Sources */,
				3F7477EC1B759850005BC473 /* AppDelegate.swift in Sources */,
			);
			runOnlyForDeploymentPostprocessing = 0;
		};
		3F7477F71B759850005BC473 /* Sources */ = {
			isa = PBXSourcesBuildPhase;
			buildActionMask = 2147483647;
			files = (
				3F7478021B759850005BC473 /* HWLocationTests.swift in Sources */,
			);
			runOnlyForDeploymentPostprocessing = 0;
		};
/* End PBXSourcesBuildPhase section */

/* Begin PBXTargetDependency section */
		3F7477FD1B759850005BC473 /* PBXTargetDependency */ = {
			isa = PBXTargetDependency;
			target = 3F7477E51B759850005BC473 /* HWLocation */;
			targetProxy = 3F7477FC1B759850005BC473 /* PBXContainerItemProxy */;
		};
/* End PBXTargetDependency section */

/* Begin PBXVariantGroup section */
		3F7477EF1B759850005BC473 /* Main.storyboard */ = {
			isa = PBXVariantGroup;
			children = (
				3F7477F01B759850005BC473 /* Base */,
			);
			name = Main.storyboard;
			sourceTree = "<group>";
		};
		3F7477F41B759850005BC473 /* LaunchScreen.xib */ = {
			isa = PBXVariantGroup;
			children = (
				3F7477F51B759850005BC473 /* Base */,
			);
			name = LaunchScreen.xib;
			sourceTree = "<group>";
		};
/* End PBXVariantGroup section */

/* Begin XCBuildConfiguration section */
		3F7478031B759850005BC473 /* Debug */ = {
			isa = XCBuildConfiguration;
			buildSettings = {
				ALWAYS_SEARCH_USER_PATHS = NO;
				CLANG_CXX_LANGUAGE_STANDARD = "gnu++0x";
				CLANG_CXX_LIBRARY = "libc++";
				CLANG_ENABLE_MODULES = YES;
				CLANG_ENABLE_OBJC_ARC = YES;
				CLANG_WARN_BOOL_CONVERSION = YES;
				CLANG_WARN_CONSTANT_CONVERSION = YES;
				CLANG_WARN_DIRECT_OBJC_ISA_USAGE = YES_ERROR;
				CLANG_WARN_EMPTY_BODY = YES;
				CLANG_WARN_ENUM_CONVERSION = YES;
				CLANG_WARN_INT_CONVERSION = YES;
				CLANG_WARN_OBJC_ROOT_CLASS = YES_ERROR;
				CLANG_WARN_UNREACHABLE_CODE = YES;
				CLANG_WARN__DUPLICATE_METHOD_MATCH = YES;
				"CODE_SIGN_IDENTITY[sdk=iphoneos*]" = "iPhone Developer";
				COPY_PHASE_STRIP = NO;
				DEBUG_INFORMATION_FORMAT = "dwarf-with-dsym";
				ENABLE_STRICT_OBJC_MSGSEND = YES;
				GCC_C_LANGUAGE_STANDARD = gnu99;
				GCC_DYNAMIC_NO_PIC = NO;
				GCC_NO_COMMON_BLOCKS = YES;
				GCC_OPTIMIZATION_LEVEL = 0;
				GCC_PREPROCESSOR_DEFINITIONS = (
					"DEBUG=1",
					"$(inherited)",
				);
				GCC_SYMBOLS_PRIVATE_EXTERN = NO;
				GCC_WARN_64_TO_32_BIT_CONVERSION = YES;
				GCC_WARN_ABOUT_RETURN_TYPE = YES_ERROR;
				GCC_WARN_UNDECLARED_SELECTOR = YES;
				GCC_WARN_UNINITIALIZED_AUTOS = YES_AGGRESSIVE;
				GCC_WARN_UNUSED_FUNCTION = YES;
				GCC_WARN_UNUSED_VARIABLE = YES;
				IPHONEOS_DEPLOYMENT_TARGET = 8.4;
				MTL_ENABLE_DEBUG_INFO = YES;
				ONLY_ACTIVE_ARCH = YES;
				SDKROOT = iphoneos;
				SWIFT_OPTIMIZATION_LEVEL = "-Onone";
			};
			name = Debug;
		};
		3F7478041B759850005BC473 /* Release */ = {
			isa = XCBuildConfiguration;
			buildSettings = {
				ALWAYS_SEARCH_USER_PATHS = NO;
				CLANG_CXX_LANGUAGE_STANDARD = "gnu++0x";
				CLANG_CXX_LIBRARY = "libc++";
				CLANG_ENABLE_MODULES = YES;
				CLANG_ENABLE_OBJC_ARC = YES;
				CLANG_WARN_BOOL_CONVERSION = YES;
				CLANG_WARN_CONSTANT_CONVERSION = YES;
				CLANG_WARN_DIRECT_OBJC_ISA_USAGE = YES_ERROR;
				CLANG_WARN_EMPTY_BODY = YES;
				CLANG_WARN_ENUM_CONVERSION = YES;
				CLANG_WARN_INT_CONVERSION = YES;
				CLANG_WARN_OBJC_ROOT_CLASS = YES_ERROR;
				CLANG_WARN_UNREACHABLE_CODE = YES;
				CLANG_WARN__DUPLICATE_METHOD_MATCH = YES;
				"CODE_SIGN_IDENTITY[sdk=iphoneos*]" = "iPhone Developer";
				COPY_PHASE_STRIP = NO;
				DEBUG_INFORMATION_FORMAT = "dwarf-with-dsym";
				ENABLE_NS_ASSERTIONS = NO;
				ENABLE_STRICT_OBJC_MSGSEND = YES;
				GCC_C_LANGUAGE_STANDARD = gnu99;
				GCC_NO_COMMON_BLOCKS = YES;
				GCC_WARN_64_TO_32_BIT_CONVERSION = YES;
				GCC_WARN_ABOUT_RETURN_TYPE = YES_ERROR;
				GCC_WARN_UNDECLARED_SELECTOR = YES;
				GCC_WARN_UNINITIALIZED_AUTOS = YES_AGGRESSIVE;
				GCC_WARN_UNUSED_FUNCTION = YES;
				GCC_WARN_UNUSED_VARIABLE = YES;
				IPHONEOS_DEPLOYMENT_TARGET = 8.4;
				MTL_ENABLE_DEBUG_INFO = NO;
				SDKROOT = iphoneos;
				VALIDATE_PRODUCT = YES;
			};
			name = Release;
		};
		3F7478061B759850005BC473 /* Debug */ = {
			isa = XCBuildConfiguration;
			buildSettings = {
				ASSETCATALOG_COMPILER_APPICON_NAME = AppIcon;
				INFOPLIST_FILE = HWLocation/Info.plist;
				LD_RUNPATH_SEARCH_PATHS = "$(inherited) @executable_path/Frameworks";
				PRODUCT_NAME = "$(TARGET_NAME)";
			};
			name = Debug;
		};
		3F7478071B759850005BC473 /* Release */ = {
			isa = XCBuildConfiguration;
			buildSettings = {
				ASSETCATALOG_COMPILER_APPICON_NAME = AppIcon;
				INFOPLIST_FILE = HWLocation/Info.plist;
				LD_RUNPATH_SEARCH_PATHS = "$(inherited) @executable_path/Frameworks";
				PRODUCT_NAME = "$(TARGET_NAME)";
			};
			name = Release;
		};
		3F7478091B759850005BC473 /* Debug */ = {
			isa = XCBuildConfiguration;
			buildSettings = {
				BUNDLE_LOADER = "$(TEST_HOST)";
				FRAMEWORK_SEARCH_PATHS = (
					"$(SDKROOT)/Developer/Library/Frameworks",
					"$(inherited)",
				);
				GCC_PREPROCESSOR_DEFINITIONS = (
					"DEBUG=1",
					"$(inherited)",
				);
				INFOPLIST_FILE = HWLocationTests/Info.plist;
				LD_RUNPATH_SEARCH_PATHS = "$(inherited) @executable_path/Frameworks @loader_path/Frameworks";
				PRODUCT_NAME = "$(TARGET_NAME)";
				TEST_HOST = "$(BUILT_PRODUCTS_DIR)/HWLocation.app/HWLocation";
			};
			name = Debug;
		};
		3F74780A1B759850005BC473 /* Release */ = {
			isa = XCBuildConfiguration;
			buildSettings = {
				BUNDLE_LOADER = "$(TEST_HOST)";
				FRAMEWORK_SEARCH_PATHS = (
					"$(SDKROOT)/Developer/Library/Frameworks",
					"$(inherited)",
				);
				INFOPLIST_FILE = HWLocationTests/Info.plist;
				LD_RUNPATH_SEARCH_PATHS = "$(inherited) @executable_path/Frameworks @loader_path/Frameworks";
				PRODUCT_NAME = "$(TARGET_NAME)";
				TEST_HOST = "$(BUILT_PRODUCTS_DIR)/HWLocation.app/HWLocation";
			};
			name = Release;
		};
/* End XCBuildConfiguration section */

/* Begin XCConfigurationList section */
		3F7477E11B759850005BC473 /* Build configuration list for PBXProject "HWLocation" */ = {
			isa = XCConfigurationList;
			buildConfigurations = (
				3F7478031B759850005BC473 /* Debug */,
				3F7478041B759850005BC473 /* Release */,
			);
			defaultConfigurationIsVisible = 0;
			defaultConfigurationName = Release;
		};
		3F7478051B759850005BC473 /* Build configuration list for PBXNativeTarget "HWLocation" */ = {
			isa = XCConfigurationList;
			buildConfigurations = (
				3F7478061B759850005BC473 /* Debug */,
				3F7478071B759850005BC473 /* Release */,
			);
			defaultConfigurationIsVisible = 0;
			defaultConfigurationName = Release;
		};
		3F7478081B759850005BC473 /* Build configuration list for PBXNativeTarget "HWLocationTests" */ = {
			isa = XCConfigurationList;
			buildConfigurations = (
				3F7478091B759850005BC473 /* Debug */,
				3F74780A1B759850005BC473 /* Release */,
			);
			defaultConfigurationIsVisible = 0;
			defaultConfigurationName = Release;
		};
/* End XCConfigurationList section */
	};
	rootObject = 3F7477DE1B759850005BC473 /* Project object */;
}
